Microsoft Visual Studio Solution File, Format Version 12.00
# Visual Studio Version 17
VisualStudioVersion = 17.5.2.0
MinimumVisualStudioVersion = 10.0.40219.1
Project("{2150E333-8FDC-42A3-9474-1A3956D46DE8}") = "backend", "backend", "{1AE8ACA6-933B-BF2A-3671-3E2EAC007D16}"
EndProject
Project("{FAE04EC0-301F-11D3-BF4B-00C04F79EFBC}") = "StudentAutomation.Api", "backend\StudentAutomation.Api\StudentAutomation.Api.csproj", "{51826A2C-15D9-8F8A-C13F-9E4B1616F741}"
EndProject
Global
	GlobalSection(SolutionConfigurationPlatforms) = preSolution
		Debug|Any CPU = Debug|Any CPU
		Release|Any CPU = Release|Any CPU
	EndGlobalSection
	GlobalSection(ProjectConfigurationPlatforms) = postSolution
		{51826A2C-15D9-8F8A-C13F-9E4B1616F741}.Debug|Any CPU.ActiveCfg = Debug|Any CPU
		{51826A2C-15D9-8F8A-C13F-9E4B1616F741}.Debug|Any CPU.Build.0 = Debug|Any CPU
		{51826A2C-15D9-8F8A-C13F-9E4B1616F741}.Release|Any CPU.ActiveCfg = Release|Any CPU
		{51826A2C-15D9-8F8A-C13F-9E4B1616F741}.Release|Any CPU.Build.0 = Release|Any CPU
	EndGlobalSection
	GlobalSection(SolutionProperties) = preSolution
		HideSolutionNode = FALSE
	EndGlobalSection
	GlobalSection(NestedProjects) = preSolution
		{51826A2C-15D9-8F8A-C13F-9E4B1616F741} = {1AE8ACA6-933B-BF2A-3671-3E2EAC007D16}
	EndGlobalSection
	GlobalSection(ExtensibilityGlobals) = postSolution
		SolutionGuid = {CF588490-432A-403D-A1D0-29AACD51EB8F}
	EndGlobalSection
EndGlobal
